// !$*UTF8*$!
{
	archiveVersion = 1;
	classes = {
	};
	objectVersion = 56;
	objects = {

/* Begin PBXBuildFile section */
		2B72D0572AAEABC400DF66B9 /* AppDelegate.swift in Sources */ = {isa = PBXBuildFile; fileRef = 2B72D0562AAEABC400DF66B9 /* AppDelegate.swift */; };
		2B72D0592AAEABC400DF66B9 /* SceneDelegate.swift in Sources */ = {isa = PBXBuildFile; fileRef = 2B72D0582AAEABC400DF66B9 /* SceneDelegate.swift */; };
		2B72D05B2AAEABC400DF66B9 /* ViewController.swift in Sources */ = {isa = PBXBuildFile; fileRef = 2B72D05A2AAEABC400DF66B9 /* ViewController.swift */; };
		2B72D05E2AAEABC400DF66B9 /* Main.storyboard in Resources */ = {isa = PBXBuildFile; fileRef = 2B72D05C2AAEABC400DF66B9 /* Main.storyboard */; };
		2B72D0602AAEABC500DF66B9 /* Assets.xcassets in Resources */ = {isa = PBXBuildFile; fileRef = 2B72D05F2AAEABC500DF66B9 /* Assets.xcassets */; };
		2B72D0632AAEABC500DF66B9 /* LaunchScreen.storyboard in Resources */ = {isa = PBXBuildFile; fileRef = 2B72D0612AAEABC500DF66B9 /* LaunchScreen.storyboard */; };
		2B72D0A22AAF3C3200DF66B9 /* LoginTextField.swift in Sources */ = {isa = PBXBuildFile; fileRef = 2B72D0A12AAF3C3200DF66B9 /* LoginTextField.swift */; };
		2B72D0A52AAFC0F500DF66B9 /* GrayStackView.swift in Sources */ = {isa = PBXBuildFile; fileRef = 2B72D0A42AAFC0F500DF66B9 /* GrayStackView.swift */; };
		2B72D0A72AAFC42300DF66B9 /* TextFieldStackView.swift in Sources */ = {isa = PBXBuildFile; fileRef = 2B72D0A62AAFC42300DF66B9 /* TextFieldStackView.swift */; };
		2B72D0AA2AAFC44C00DF66B9 /* LabelStackView.swift in Sources */ = {isa = PBXBuildFile; fileRef = 2B72D0A92AAFC44C00DF66B9 /* LabelStackView.swift */; };
		2B72D0AC2AAFDA1A00DF66B9 /* LoginLabel.swift in Sources */ = {isa = PBXBuildFile; fileRef = 2B72D0AB2AAFDA1A00DF66B9 /* LoginLabel.swift */; };
		2B72D0AE2AAFE12800DF66B9 /* LoginMode.swift in Sources */ = {isa = PBXBuildFile; fileRef = 2B72D0AD2AAFE12800DF66B9 /* LoginMode.swift */; };
		2B72D0B02AAFE56500DF66B9 /* LoginView.swift in Sources */ = {isa = PBXBuildFile; fileRef = 2B72D0AF2AAFE56500DF66B9 /* LoginView.swift */; };
		2B72D0B22AAFECA200DF66B9 /* LoginModeSegmentControl.swift in Sources */ = {isa = PBXBuildFile; fileRef = 2B72D0B12AAFECA200DF66B9 /* LoginModeSegmentControl.swift */; };
		2B72D0B52AB02C5200DF66B9 /* AccountData.swift in Sources */ = {isa = PBXBuildFile; fileRef = 2B72D0B42AB02C5200DF66B9 /* AccountData.swift */; };
/* End PBXBuildFile section */

/* Begin PBXFileReference section */
		2B72D0532AAEABC400DF66B9 /* Assignment.app */ = {isa = PBXFileReference; explicitFileType = wrapper.application; includeInIndex = 0; path = Assignment.app; sourceTree = BUILT_PRODUCTS_DIR; };
		2B72D0562AAEABC400DF66B9 /* AppDelegate.swift */ = {isa = PBXFileReference; lastKnownFileType = sourcecode.swift; path = AppDelegate.swift; sourceTree = "<group>"; };
		2B72D0582AAEABC400DF66B9 /* SceneDelegate.swift */ = {isa = PBXFileReference; lastKnownFileType = sourcecode.swift; path = SceneDelegate.swift; sourceTree = "<group>"; };
		2B72D05A2AAEABC400DF66B9 /* ViewController.swift */ = {isa = PBXFileReference; lastKnownFileType = sourcecode.swift; path = ViewController.swift; sourceTree = "<group>"; };
		2B72D05D2AAEABC400DF66B9 /* Base */ = {isa = PBXFileReference; lastKnownFileType = file.storyboard; name = Base; path = Base.lproj/Main.storyboard; sourceTree = "<group>"; };
		2B72D05F2AAEABC500DF66B9 /* Assets.xcassets */ = {isa = PBXFileReference; lastKnownFileType = folder.assetcatalog; path = Assets.xcassets; sourceTree = "<group>"; };
		2B72D0622AAEABC500DF66B9 /* Base */ = {isa = PBXFileReference; lastKnownFileType = file.storyboard; name = Base; path = Base.lproj/LaunchScreen.storyboard; sourceTree = "<group>"; };
		2B72D0642AAEABC500DF66B9 /* Info.plist */ = {isa = PBXFileReference; lastKnownFileType = text.plist.xml; path = Info.plist; sourceTree = "<group>"; };
		2B72D06A2AAEABF100DF66B9 /* Question_1-3.playground */ = {isa = PBXFileReference; lastKnownFileType = file.playground; path = "Question_1-3.playground"; sourceTree = "<group>"; xcLanguageSpecificationIdentifier = xcode.lang.swift; };
		2B72D0A12AAF3C3200DF66B9 /* LoginTextField.swift */ = {isa = PBXFileReference; lastKnownFileType = sourcecode.swift; path = LoginTextField.swift; sourceTree = "<group>"; };
		2B72D0A42AAFC0F500DF66B9 /* GrayStackView.swift */ = {isa = PBXFileReference; lastKnownFileType = sourcecode.swift; path = GrayStackView.swift; sourceTree = "<group>"; };
		2B72D0A62AAFC42300DF66B9 /* TextFieldStackView.swift */ = {isa = PBXFileReference; lastKnownFileType = sourcecode.swift; path = TextFieldStackView.swift; sourceTree = "<group>"; };
		2B72D0A92AAFC44C00DF66B9 /* LabelStackView.swift */ = {isa = PBXFileReference; lastKnownFileType = sourcecode.swift; path = LabelStackView.swift; sourceTree = "<group>"; };
		2B72D0AB2AAFDA1A00DF66B9 /* LoginLabel.swift */ = {isa = PBXFileReference; lastKnownFileType = sourcecode.swift; path = LoginLabel.swift; sourceTree = "<group>"; };
		2B72D0AD2AAFE12800DF66B9 /* LoginMode.swift */ = {isa = PBXFileReference; lastKnownFileType = sourcecode.swift; path = LoginMode.swift; sourceTree = "<group>"; };
		2B72D0AF2AAFE56500DF66B9 /* LoginView.swift */ = {isa = PBXFileReference; lastKnownFileType = sourcecode.swift; path = LoginView.swift; sourceTree = "<group>"; };
		2B72D0B12AAFECA200DF66B9 /* LoginModeSegmentControl.swift */ = {isa = PBXFileReference; lastKnownFileType = sourcecode.swift; path = LoginModeSegmentControl.swift; sourceTree = "<group>"; };
		2B72D0B42AB02C5200DF66B9 /* AccountData.swift */ = {isa = PBXFileReference; lastKnownFileType = sourcecode.swift; path = AccountData.swift; sourceTree = "<group>"; };
/* End PBXFileReference section */

/* Begin PBXFrameworksBuildPhase section */
		2B72D0502AAEABC400DF66B9 /* Frameworks */ = {
			isa = PBXFrameworksBuildPhase;
			buildActionMask = 2147483647;
			files = (
			);
			runOnlyForDeploymentPostprocessing = 0;
		};
/* End PBXFrameworksBuildPhase section */

/* Begin PBXGroup section */
		2B72D04A2AAEABC400DF66B9 = {
			isa = PBXGroup;
			children = (
				2B72D0552AAEABC400DF66B9 /* Assignment */,
				2B72D0542AAEABC400DF66B9 /* Products */,
			);
			sourceTree = "<group>";
		};
		2B72D0542AAEABC400DF66B9 /* Products */ = {
			isa = PBXGroup;
			children = (
				2B72D0532AAEABC400DF66B9 /* Assignment.app */,
			);
			name = Products;
			sourceTree = "<group>";
		};
		2B72D0552AAEABC400DF66B9 /* Assignment */ = {
			isa = PBXGroup;
			children = (
				2B72D0562AAEABC400DF66B9 /* AppDelegate.swift */,
				2B72D0582AAEABC400DF66B9 /* SceneDelegate.swift */,
				2B72D05A2AAEABC400DF66B9 /* ViewController.swift */,
				2B72D0B32AB02BDD00DF66B9 /* Elements */,
				2B72D05C2AAEABC400DF66B9 /* Main.storyboard */,
				2B72D06A2AAEABF100DF66B9 /* Question_1-3.playground */,
				2B72D05F2AAEABC500DF66B9 /* Assets.xcassets */,
				2B72D0612AAEABC500DF66B9 /* LaunchScreen.storyboard */,
				2B72D0642AAEABC500DF66B9 /* Info.plist */,
			);
			path = Assignment;
			sourceTree = "<group>";
		};
		2B72D0A32AAFBC2B00DF66B9 /* LoginArea */ = {
			isa = PBXGroup;
			children = (
				2B72D0AD2AAFE12800DF66B9 /* LoginMode.swift */,
				2B72D0AB2AAFDA1A00DF66B9 /* LoginLabel.swift */,
				2B72D0A92AAFC44C00DF66B9 /* LabelStackView.swift */,
				2B72D0A12AAF3C3200DF66B9 /* LoginTextField.swift */,
				2B72D0A62AAFC42300DF66B9 /* TextFieldStackView.swift */,
				2B72D0A42AAFC0F500DF66B9 /* GrayStackView.swift */,
				2B72D0AF2AAFE56500DF66B9 /* LoginView.swift */,
			);
			path = LoginArea;
			sourceTree = "<group>";
		};
		2B72D0B32AB02BDD00DF66B9 /* Elements */ = {
			isa = PBXGroup;
			children = (
				2B72D0A32AAFBC2B00DF66B9 /* LoginArea */,
				2B72D0B12AAFECA200DF66B9 /* LoginModeSegmentControl.swift */,
				2B72D0B42AB02C5200DF66B9 /* AccountData.swift */,
			);
			path = Elements;
			sourceTree = "<group>";
		};
/* End PBXGroup section */

/* Begin PBXNativeTarget section */
		2B72D0522AAEABC400DF66B9 /* Assignment */ = {
			isa = PBXNativeTarget;
			buildConfigurationList = 2B72D0672AAEABC500DF66B9 /* Build configuration list for PBXNativeTarget "Assignment" */;
			buildPhases = (
				2B72D04F2AAEABC400DF66B9 /* Sources */,
				2B72D0502AAEABC400DF66B9 /* Frameworks */,
				2B72D0512AAEABC400DF66B9 /* Resources */,
			);
			buildRules = (
			);
			dependencies = (
			);
			name = Assignment;
			productName = Assignment;
			productReference = 2B72D0532AAEABC400DF66B9 /* Assignment.app */;
			productType = "com.apple.product-type.application";
		};
/* End PBXNativeTarget section */

/* Begin PBXProject section */
		2B72D04B2AAEABC400DF66B9 /* Project object */ = {
			isa = PBXProject;
			attributes = {
				BuildIndependentTargetsInParallel = 1;
				LastSwiftUpdateCheck = 1430;
				LastUpgradeCheck = 1430;
				TargetAttributes = {
					2B72D0522AAEABC400DF66B9 = {
						CreatedOnToolsVersion = 14.3.1;
					};
				};
			};
			buildConfigurationList = 2B72D04E2AAEABC400DF66B9 /* Build configuration list for PBXProject "Assignment" */;
			compatibilityVersion = "Xcode 14.0";
			developmentRegion = en;
			hasScannedForEncodings = 0;
			knownRegions = (
				en,
				Base,
			);
			mainGroup = 2B72D04A2AAEABC400DF66B9;
			productRefGroup = 2B72D0542AAEABC400DF66B9 /* Products */;
			projectDirPath = "";
			projectRoot = "";
			targets = (
				2B72D0522AAEABC400DF66B9 /* Assignment */,
			);
		};
/* End PBXProject section */

/* Begin PBXResourcesBuildPhase section */
		2B72D0512AAEABC400DF66B9 /* Resources */ = {
			isa = PBXResourcesBuildPhase;
			buildActionMask = 2147483647;
			files = (
				2B72D0632AAEABC500DF66B9 /* LaunchScreen.storyboard in Resources */,
				2B72D0602AAEABC500DF66B9 /* Assets.xcassets in Resources */,
				2B72D05E2AAEABC400DF66B9 /* Main.storyboard in Resources */,
			);
			runOnlyForDeploymentPostprocessing = 0;
		};
/* End PBXResourcesBuildPhase section */

/* Begin PBXSourcesBuildPhase section */
		2B72D04F2AAEABC400DF66B9 /* Sources */ = {
			isa = PBXSourcesBuildPhase;
			buildActionMask = 2147483647;
			files = (
				2B72D0AE2AAFE12800DF66B9 /* LoginMode.swift in Sources */,
				2B72D0A52AAFC0F500DF66B9 /* GrayStackView.swift in Sources */,
				2B72D0AA2AAFC44C00DF66B9 /* LabelStackView.swift in Sources */,
				2B72D05B2AAEABC400DF66B9 /* ViewController.swift in Sources */,
				2B72D0572AAEABC400DF66B9 /* AppDelegate.swift in Sources */,
				2B72D0592AAEABC400DF66B9 /* SceneDelegate.swift in Sources */,
				2B72D0AC2AAFDA1A00DF66B9 /* LoginLabel.swift in Sources */,
				2B72D0B52AB02C5200DF66B9 /* AccountData.swift in Sources */,
				2B72D0A72AAFC42300DF66B9 /* TextFieldStackView.swift in Sources */,
				2B72D0B02AAFE56500DF66B9 /* LoginView.swift in Sources */,
				2B72D0A22AAF3C3200DF66B9 /* LoginTextField.swift in Sources */,
				2B72D0B22AAFECA200DF66B9 /* LoginModeSegmentControl.swift in Sources */,
			);
			runOnlyForDeploymentPostprocessing = 0;
		};
/* End PBXSourcesBuildPhase section */

/* Begin PBXVariantGroup section */
		2B72D05C2AAEABC400DF66B9 /* Main.storyboard */ = {
			isa = PBXVariantGroup;
			children = (
				2B72D05D2AAEABC400DF66B9 /* Base */,
			);
			name = Main.storyboard;
			sourceTree = "<group>";
		};
		2B72D0612AAEABC500DF66B9 /* LaunchScreen.storyboard */ = {
			isa = PBXVariantGroup;
			children = (
				2B72D0622AAEABC500DF66B9 /* Base */,
			);
			name = LaunchScreen.storyboard;
			sourceTree = "<group>";
		};
/* End PBXVariantGroup section */

/* Begin XCBuildConfiguration section */
		2B72D0652AAEABC500DF66B9 /* Debug */ = {
			isa = XCBuildConfiguration;
			buildSettings = {
				ALWAYS_SEARCH_USER_PATHS = NO;
				CLANG_ANALYZER_NONNULL = YES;
				CLANG_ANALYZER_NUMBER_OBJECT_CONVERSION = YES_AGGRESSIVE;
				CLANG_CXX_LANGUAGE_STANDARD = "gnu++20";
				CLANG_ENABLE_MODULES = YES;
				CLANG_ENABLE_OBJC_ARC = YES;
				CLANG_ENABLE_OBJC_WEAK = YES;
				CLANG_WARN_BLOCK_CAPTURE_AUTORELEASING = YES;
				CLANG_WARN_BOOL_CONVERSION = YES;
				CLANG_WARN_COMMA = YES;
				CLANG_WARN_CONSTANT_CONVERSION = YES;
				CLANG_WARN_DEPRECATED_OBJC_IMPLEMENTATIONS = YES;
				CLANG_WARN_DIRECT_OBJC_ISA_USAGE = YES_ERROR;
				CLANG_WARN_DOCUMENTATION_COMMENTS = YES;
				CLANG_WARN_EMPTY_BODY = YES;
				CLANG_WARN_ENUM_CONVERSION = YES;
				CLANG_WARN_INFINITE_RECURSION = YES;
				CLANG_WARN_INT_CONVERSION = YES;
				CLANG_WARN_NON_LITERAL_NULL_CONVERSION = YES;
				CLANG_WARN_OBJC_IMPLICIT_RETAIN_SELF = YES;
				CLANG_WARN_OBJC_LITERAL_CONVERSION = YES;
				CLANG_WARN_OBJC_ROOT_CLASS = YES_ERROR;
				CLANG_WARN_QUOTED_INCLUDE_IN_FRAMEWORK_HEADER = YES;
				CLANG_WARN_RANGE_LOOP_ANALYSIS = YES;
				CLANG_WARN_STRICT_PROTOTYPES = YES;
				CLANG_WARN_SUSPICIOUS_MOVE = YES;
				CLANG_WARN_UNGUARDED_AVAILABILITY = YES_AGGRESSIVE;
				CLANG_WARN_UNREACHABLE_CODE = YES;
				CLANG_WARN__DUPLICATE_METHOD_MATCH = YES;
				COPY_PHASE_STRIP = NO;
				DEBUG_INFORMATION_FORMAT = dwarf;
				ENABLE_STRICT_OBJC_MSGSEND = YES;
				ENABLE_TESTABILITY = YES;
				GCC_C_LANGUAGE_STANDARD = gnu11;
				GCC_DYNAMIC_NO_PIC = NO;
				GCC_NO_COMMON_BLOCKS = YES;
				GCC_OPTIMIZATION_LEVEL = 0;
				GCC_PREPROCESSOR_DEFINITIONS = (
					"DEBUG=1",
					"$(inherited)",
				);
				GCC_WARN_64_TO_32_BIT_CONVERSION = YES;
				GCC_WARN_ABOUT_RETURN_TYPE = YES_ERROR;
				GCC_WARN_UNDECLARED_SELECTOR = YES;
				GCC_WARN_UNINITIALIZED_AUTOS = YES_AGGRESSIVE;
				GCC_WARN_UNUSED_FUNCTION = YES;
				GCC_WARN_UNUSED_VARIABLE = YES;
				IPHONEOS_DEPLOYMENT_TARGET = 16.4;
				MTL_ENABLE_DEBUG_INFO = INCLUDE_SOURCE;
				MTL_FAST_MATH = YES;
				ONLY_ACTIVE_ARCH = YES;
				SDKROOT = iphoneos;
				SWIFT_ACTIVE_COMPILATION_CONDITIONS = DEBUG;
				SWIFT_OPTIMIZATION_LEVEL = "-Onone";
			};
			name = Debug;
		};
		2B72D0662AAEABC500DF66B9 /* Release */ = {
			isa = XCBuildConfiguration;
			buildSettings = {
				ALWAYS_SEARCH_USER_PATHS = NO;
				CLANG_ANALYZER_NONNULL = YES;
				CLANG_ANALYZER_NUMBER_OBJECT_CONVERSION = YES_AGGRESSIVE;
				CLANG_CXX_LANGUAGE_STANDARD = "gnu++20";
				CLANG_ENABLE_MODULES = YES;
				CLANG_ENABLE_OBJC_ARC = YES;
				CLANG_ENABLE_OBJC_WEAK = YES;
				CLANG_WARN_BLOCK_CAPTURE_AUTORELEASING = YES;
				CLANG_WARN_BOOL_CONVERSION = YES;
				CLANG_WARN_COMMA = YES;
				CLANG_WARN_CONSTANT_CONVERSION = YES;
				CLANG_WARN_DEPRECATED_OBJC_IMPLEMENTATIONS = YES;
				CLANG_WARN_DIRECT_OBJC_ISA_USAGE = YES_ERROR;
				CLANG_WARN_DOCUMENTATION_COMMENTS = YES;
				CLANG_WARN_EMPTY_BODY = YES;
				CLANG_WARN_ENUM_CONVERSION = YES;
				CLANG_WARN_INFINITE_RECURSION = YES;
				CLANG_WARN_INT_CONVERSION = YES;
				CLANG_WARN_NON_LITERAL_NULL_CONVERSION = YES;
				CLANG_WARN_OBJC_IMPLICIT_RETAIN_SELF = YES;
				CLANG_WARN_OBJC_LITERAL_CONVERSION = YES;
				CLANG_WARN_OBJC_ROOT_CLASS = YES_ERROR;
				CLANG_WARN_QUOTED_INCLUDE_IN_FRAMEWORK_HEADER = YES;
				CLANG_WARN_RANGE_LOOP_ANALYSIS = YES;
				CLANG_WARN_STRICT_PROTOTYPES = YES;
				CLANG_WARN_SUSPICIOUS_MOVE = YES;
				CLANG_WARN_UNGUARDED_AVAILABILITY = YES_AGGRESSIVE;
				CLANG_WARN_UNREACHABLE_CODE = YES;
				CLANG_WARN__DUPLICATE_METHOD_MATCH = YES;
				COPY_PHASE_STRIP = NO;
				DEBUG_INFORMATION_FORMAT = "dwarf-with-dsym";
				ENABLE_NS_ASSERTIONS = NO;
				ENABLE_STRICT_OBJC_MSGSEND = YES;
				GCC_C_LANGUAGE_STANDARD = gnu11;
				GCC_NO_COMMON_BLOCKS = YES;
				GCC_WARN_64_TO_32_BIT_CONVERSION = YES;
				GCC_WARN_ABOUT_RETURN_TYPE = YES_ERROR;
				GCC_WARN_UNDECLARED_SELECTOR = YES;
				GCC_WARN_UNINITIALIZED_AUTOS = YES_AGGRESSIVE;
				GCC_WARN_UNUSED_FUNCTION = YES;
				GCC_WARN_UNUSED_VARIABLE = YES;
				IPHONEOS_DEPLOYMENT_TARGET = 16.4;
				MTL_ENABLE_DEBUG_INFO = NO;
				MTL_FAST_MATH = YES;
				SDKROOT = iphoneos;
				SWIFT_COMPILATION_MODE = wholemodule;
				SWIFT_OPTIMIZATION_LEVEL = "-O";
				VALIDATE_PRODUCT = YES;
			};
			name = Release;
		};
		2B72D0682AAEABC500DF66B9 /* Debug */ = {
			isa = XCBuildConfiguration;
			buildSettings = {
				ASSETCATALOG_COMPILER_APPICON_NAME = AppIcon;
				ASSETCATALOG_COMPILER_GLOBAL_ACCENT_COLOR_NAME = AccentColor;
				CODE_SIGN_STYLE = Automatic;
				CURRENT_PROJECT_VERSION = 1;
				DEVELOPMENT_TEAM = CCZFJ54UN4;
				GENERATE_INFOPLIST_FILE = YES;
				INFOPLIST_FILE = Assignment/Info.plist;
				INFOPLIST_KEY_UIApplicationSupportsIndirectInputEvents = YES;
				INFOPLIST_KEY_UILaunchStoryboardName = LaunchScreen;
				INFOPLIST_KEY_UIMainStoryboardFile = Main;
				INFOPLIST_KEY_UISupportedInterfaceOrientations_iPad = "UIInterfaceOrientationPortrait UIInterfaceOrientationPortraitUpsideDown UIInterfaceOrientationLandscapeLeft UIInterfaceOrientationLandscapeRight";
				INFOPLIST_KEY_UISupportedInterfaceOrientations_iPhone = "UIInterfaceOrientationPortrait UIInterfaceOrientationLandscapeLeft UIInterfaceOrientationLandscapeRight";
				LD_RUNPATH_SEARCH_PATHS = (
					"$(inherited)",
					"@executable_path/Frameworks",
				);
				MARKETING_VERSION = 1.0;
				PRODUCT_BUNDLE_IDENTIFIER = com.chenshenyi.Assignment;
				PRODUCT_NAME = "$(TARGET_NAME)";
				SWIFT_EMIT_LOC_STRINGS = YES;
				SWIFT_VERSION = 5.0;
				TARGETED_DEVICE_FAMILY = "1,2";
			};
			name = Debug;
		};
		2B72D0692AAEABC500DF66B9 /* Release */ = {
			isa = XCBuildConfiguration;
			buildSettings = {
				ASSETCATALOG_COMPILER_APPICON_NAME = AppIcon;
				ASSETCATALOG_COMPILER_GLOBAL_ACCENT_COLOR_NAME = AccentColor;
				CODE_SIGN_STYLE = Automatic;
				CURRENT_PROJECT_VERSION = 1;
				DEVELOPMENT_TEAM = CCZFJ54UN4;
				GENERATE_INFOPLIST_FILE = YES;
				INFOPLIST_FILE = Assignment/Info.plist;
				INFOPLIST_KEY_UIApplicationSupportsIndirectInputEvents = YES;
				INFOPLIST_KEY_UILaunchStoryboardName = LaunchScreen;
				INFOPLIST_KEY_UIMainStoryboardFile = Main;
				INFOPLIST_KEY_UISupportedInterfaceOrientations_iPad = "UIInterfaceOrientationPortrait UIInterfaceOrientationPortraitUpsideDown UIInterfaceOrientationLandscapeLeft UIInterfaceOrientationLandscapeRight";
				INFOPLIST_KEY_UISupportedInterfaceOrientations_iPhone = "UIInterfaceOrientationPortrait UIInterfaceOrientationLandscapeLeft UIInterfaceOrientationLandscapeRight";
				LD_RUNPATH_SEARCH_PATHS = (
					"$(inherited)",
					"@executable_path/Frameworks",
				);
				MARKETING_VERSION = 1.0;
				PRODUCT_BUNDLE_IDENTIFIER = com.chenshenyi.Assignment;
				PRODUCT_NAME = "$(TARGET_NAME)";
				SWIFT_EMIT_LOC_STRINGS = YES;
				SWIFT_VERSION = 5.0;
				TARGETED_DEVICE_FAMILY = "1,2";
			};
			name = Release;
		};
/* End XCBuildConfiguration section */

/* Begin XCConfigurationList section */
		2B72D04E2AAEABC400DF66B9 /* Build configuration list for PBXProject "Assignment" */ = {
			isa = XCConfigurationList;
			buildConfigurations = (
				2B72D0652AAEABC500DF66B9 /* Debug */,
				2B72D0662AAEABC500DF66B9 /* Release */,
			);
			defaultConfigurationIsVisible = 0;
			defaultConfigurationName = Release;
		};
		2B72D0672AAEABC500DF66B9 /* Build configuration list for PBXNativeTarget "Assignment" */ = {
			isa = XCConfigurationList;
			buildConfigurations = (
				2B72D0682AAEABC500DF66B9 /* Debug */,
				2B72D0692AAEABC500DF66B9 /* Release */,
			);
			defaultConfigurationIsVisible = 0;
			defaultConfigurationName = Release;
		};
/* End XCConfigurationList section */
	};
	rootObject = 2B72D04B2AAEABC400DF66B9 /* Project object */;
}
